
Microsoft Visual Studio Solution File, Format Version 12.00
# Visual Studio Version 17
VisualStudioVersion = 17.13.35828.75 d17.13
MinimumVisualStudioVersion = 10.0.40219.1
Project("{FAE04EC0-301F-11D3-BF4B-00C04F79EFBC}") = "ANDON", "ANDON\ANDON.csproj", "{568F376B-DE21-4C0D-BBC1-808F62783F72}"
EndProject
Project("{FAE04EC0-301F-11D3-BF4B-00C04F79EFBC}") = "ANDON_Domain", "ANDON_Domain\ANDON_Domain.csproj", "{8DD039C6-6B36-498A-ACF2-5F8AB6D8AB0D}"
EndProject
Project("{FAE04EC0-301F-11D3-BF4B-00C04F79EFBC}") = "ANDON_Application", "ANDON_Application\ANDON_Application.csproj", "{D1DE7A8D-1432-45F7-82F7-A777570A246F}"
EndProject
Project("{FAE04EC0-301F-11D3-BF4B-00C04F79EFBC}") = "ANDON_Infrastructure", "ANDON_Infrastructure\ANDON_Infrastructure.csproj", "{3356C3AC-09D7-4919-8B20-3DC3655F00F3}"
EndProject
Global
	GlobalSection(SolutionConfigurationPlatforms) = preSolution
		Debug|Any CPU = Debug|Any CPU
		Release|Any CPU = Release|Any CPU
	EndGlobalSection
	GlobalSection(ProjectConfigurationPlatforms) = postSolution
		{568F376B-DE21-4C0D-BBC1-808F62783F72}.Debug|Any CPU.ActiveCfg = Debug|Any CPU
		{568F376B-DE21-4C0D-BBC1-808F62783F72}.Debug|Any CPU.Build.0 = Debug|Any CPU
		{568F376B-DE21-4C0D-BBC1-808F62783F72}.Release|Any CPU.ActiveCfg = Release|Any CPU
		{568F376B-DE21-4C0D-BBC1-808F62783F72}.Release|Any CPU.Build.0 = Release|Any CPU
		{8DD039C6-6B36-498A-ACF2-5F8AB6D8AB0D}.Debug|Any CPU.ActiveCfg = Debug|Any CPU
		{8DD039C6-6B36-498A-ACF2-5F8AB6D8AB0D}.Debug|Any CPU.Build.0 = Debug|Any CPU
		{8DD039C6-6B36-498A-ACF2-5F8AB6D8AB0D}.Release|Any CPU.ActiveCfg = Release|Any CPU
		{8DD039C6-6B36-498A-ACF2-5F8AB6D8AB0D}.Release|Any CPU.Build.0 = Release|Any CPU
		{D1DE7A8D-1432-45F7-82F7-A777570A246F}.Debug|Any CPU.ActiveCfg = Debug|Any CPU
		{D1DE7A8D-1432-45F7-82F7-A777570A246F}.Debug|Any CPU.Build.0 = Debug|Any CPU
		{D1DE7A8D-1432-45F7-82F7-A777570A246F}.Release|Any CPU.ActiveCfg = Release|Any CPU
		{D1DE7A8D-1432-45F7-82F7-A777570A246F}.Release|Any CPU.Build.0 = Release|Any CPU
		{3356C3AC-09D7-4919-8B20-3DC3655F00F3}.Debug|Any CPU.ActiveCfg = Debug|Any CPU
		{3356C3AC-09D7-4919-8B20-3DC3655F00F3}.Debug|Any CPU.Build.0 = Debug|Any CPU
		{3356C3AC-09D7-4919-8B20-3DC3655F00F3}.Release|Any CPU.ActiveCfg = Release|Any CPU
		{3356C3AC-09D7-4919-8B20-3DC3655F00F3}.Release|Any CPU.Build.0 = Release|Any CPU
	EndGlobalSection
	GlobalSection(SolutionProperties) = preSolution
		HideSolutionNode = FALSE
	EndGlobalSection
	GlobalSection(ExtensibilityGlobals) = postSolution
		SolutionGuid = {A86FACB3-273E-41FE-BA67-C038F508FBDE}
	EndGlobalSection
EndGlobal
